{
  "name": "desktop-calendar-sticky",
  "version": "0.1.1",
  "lockfileVersion": 3,
  "requires": true,
  "packages": {
    "": {
      "name": "desktop-calendar-sticky",
      "version": "0.1.1",
      "dependencies": {
        "@tauri-apps/api": "^2.2.0",
        "@tauri-apps/plugin-store": "^2.2.0",
        "bootstrap": "^5.3.3",
        "bootstrap-icons": "^1.11.3",
        "date-holidays": "^3.23.22"
      },
      "devDependencies": {
        "@tauri-apps/cli": "^2"
      }
    },
    "node_modules/@popperjs/core": {
      "version": "2.11.8",
      "resolved": "https://registry.npmjs.org/@popperjs/core/-/core-2.11.8.tgz",
      "integrity": "sha512-P1st0aksCrn9sGZhp8GMYwBnQsbvAWsZAX44oXNNvLHGqAOcoVxmjZiohstwQ7SqKnbR47akdNi+uleWD8+g6A==",
      "license": "MIT",
      "peer": true,
      "funding": {
        "type": "opencollective",
        "url": "https://opencollective.com/popperjs"
      }
    },
    "node_modules/@tauri-apps/api": {
      "version": "2.2.0",
      "resolved": "https://registry.npmjs.org/@tauri-apps/api/-/api-2.2.0.tgz",
      "integrity": "sha512-R8epOeZl1eJEl603aUMIGb4RXlhPjpgxbGVEaqY+0G5JG9vzV/clNlzTeqc+NLYXVqXcn8mb4c5b9pJIUDEyAg==",
      "license": "Apache-2.0 OR MIT",
      "funding": {
        "type": "opencollective",
        "url": "https://opencollective.com/tauri"
      }
    },
    "node_modules/@tauri-apps/cli": {
      "version": "2.2.7",
      "resolved": "https://registry.npmjs.org/@tauri-apps/cli/-/cli-2.2.7.tgz",
      "integrity": "sha512-ZnsS2B4BplwXP37celanNANiIy8TCYhvg5RT09n72uR/o+navFZtGpFSqljV8fy1Y4ixIPds8FrGSXJCN2BerA==",
      "dev": true,
      "license": "Apache-2.0 OR MIT",
      "bin": {
        "tauri": "tauri.js"
      },
      "engines": {
        "node": ">= 10"
      },
      "funding": {
        "type": "opencollective",
        "url": "https://opencollective.com/tauri"
      },
      "optionalDependencies": {
        "@tauri-apps/cli-darwin-arm64": "2.2.7",
        "@tauri-apps/cli-darwin-x64": "2.2.7",
        "@tauri-apps/cli-linux-arm-gnueabihf": "2.2.7",
        "@tauri-apps/cli-linux-arm64-gnu": "2.2.7",
        "@tauri-apps/cli-linux-arm64-musl": "2.2.7",
        "@tauri-apps/cli-linux-x64-gnu": "2.2.7",
        "@tauri-apps/cli-linux-x64-musl": "2.2.7",
        "@tauri-apps/cli-win32-arm64-msvc": "2.2.7",
        "@tauri-apps/cli-win32-ia32-msvc": "2.2.7",
        "@tauri-apps/cli-win32-x64-msvc": "2.2.7"
      }
    },
    "node_modules/@tauri-apps/cli-darwin-arm64": {
      "version": "2.2.7",
      "resolved": "https://registry.npmjs.org/@tauri-apps/cli-darwin-arm64/-/cli-darwin-arm64-2.2.7.tgz",
      "integrity": "sha512-54kcpxZ3X1Rq+pPTzk3iIcjEVY4yv493uRx/80rLoAA95vAC0c//31Whz75UVddDjJfZvXlXZ3uSZ+bnCOnt0A==",
      "cpu": [
        "arm64"
      ],
      "dev": true,
      "license": "Apache-2.0 OR MIT",
      "optional": true,
      "os": [
        "darwin"
      ],
      "engines": {
        "node": ">= 10"
      }
    },
    "node_modules/@tauri-apps/cli-darwin-x64": {
      "version": "2.2.7",
      "resolved": "https://registry.npmjs.org/@tauri-apps/cli-darwin-x64/-/cli-darwin-x64-2.2.7.tgz",
      "integrity": "sha512-Vgu2XtBWemLnarB+6LqQeLanDlRj7CeFN//H8bVVdjbNzxcSxsvbLYMBP8+3boa7eBnjDrqMImRySSgL6IrwTw==",
      "cpu": [
        "x64"
      ],
      "dev": true,
      "license": "Apache-2.0 OR MIT",
      "optional": true,
      "os": [
        "darwin"
      ],
      "engines": {
        "node": ">= 10"
      }
    },
    "node_modules/@tauri-apps/cli-linux-arm-gnueabihf": {
      "version": "2.2.7",
      "resolved": "https://registry.npmjs.org/@tauri-apps/cli-linux-arm-gnueabihf/-/cli-linux-arm-gnueabihf-2.2.7.tgz",
      "integrity": "sha512-+Clha2iQAiK9zoY/KKW0KLHkR0k36O78YLx5Sl98tWkwI3OBZFg5H5WT1plH/4sbZIS2aLFN6dw58/JlY9Bu/g==",
      "cpu": [
        "arm"
      ],
      "dev": true,
      "license": "Apache-2.0 OR MIT",
      "optional": true,
      "os": [
        "linux"
      ],
      "engines": {
        "node": ">= 10"
      }
    },
    "node_modules/@tauri-apps/cli-linux-arm64-gnu": {
      "version": "2.2.7",
      "resolved": "https://registry.npmjs.org/@tauri-apps/cli-linux-arm64-gnu/-/cli-linux-arm64-gnu-2.2.7.tgz",
      "integrity": "sha512-Z/Lp4SQe6BUEOays9BQAEum2pvZF4w9igyXijP+WbkOejZx4cDvarFJ5qXrqSLmBh7vxrdZcLwoLk9U//+yQrg==",
      "cpu": [
        "arm64"
      ],
      "dev": true,
      "license": "Apache-2.0 OR MIT",
      "optional": true,
      "os": [
        "linux"
      ],
      "engines": {
        "node": ">= 10"
      }
    },
    "node_modules/@tauri-apps/cli-linux-arm64-musl": {
      "version": "2.2.7",
      "resolved": "https://registry.npmjs.org/@tauri-apps/cli-linux-arm64-musl/-/cli-linux-arm64-musl-2.2.7.tgz",
      "integrity": "sha512-+8HZ+txff/Y3YjAh80XcLXcX8kpGXVdr1P8AfjLHxHdS6QD4Md+acSxGTTNbplmHuBaSHJvuTvZf9tU1eDCTDg==",
      "cpu": [
        "arm64"
      ],
      "dev": true,
      "license": "Apache-2.0 OR MIT",
      "optional": true,
      "os": [
        "linux"
      ],
      "engines": {
        "node": ">= 10"
      }
    },
    "node_modules/@tauri-apps/cli-linux-x64-gnu": {
      "version": "2.2.7",
      "resolved": "https://registry.npmjs.org/@tauri-apps/cli-linux-x64-gnu/-/cli-linux-x64-gnu-2.2.7.tgz",
      "integrity": "sha512-ahlSnuCnUntblp9dG7/w5ZWZOdzRFi3zl0oScgt7GF4KNAOEa7duADsxPA4/FT2hLRa0SvpqtD4IYFvCxoVv3Q==",
      "cpu": [
        "x64"
      ],
      "dev": true,
      "license": "Apache-2.0 OR MIT",
      "optional": true,
      "os": [
        "linux"
      ],
      "engines": {
        "node": ">= 10"
      }
    },
    "node_modules/@tauri-apps/cli-linux-x64-musl": {
      "version": "2.2.7",
      "resolved": "https://registry.npmjs.org/@tauri-apps/cli-linux-x64-musl/-/cli-linux-x64-musl-2.2.7.tgz",
      "integrity": "sha512-+qKAWnJRSX+pjjRbKAQgTdFY8ecdcu8UdJ69i7wn3ZcRn2nMMzOO2LOMOTQV42B7/Q64D1pIpmZj9yblTMvadA==",
      "cpu": [
        "x64"
      ],
      "dev": true,
      "license": "Apache-2.0 OR MIT",
      "optional": true,
      "os": [
        "linux"
      ],
      "engines": {
        "node": ">= 10"
      }
    },
    "node_modules/@tauri-apps/cli-win32-arm64-msvc": {
      "version": "2.2.7",
      "resolved": "https://registry.npmjs.org/@tauri-apps/cli-win32-arm64-msvc/-/cli-win32-arm64-msvc-2.2.7.tgz",
      "integrity": "sha512-aa86nRnrwT04u9D9fhf5JVssuAZlUCCc8AjqQjqODQjMd4BMA2+d4K9qBMpEG/1kVh95vZaNsLogjEaqSTTw4A==",
      "cpu": [
        "arm64"
      ],
      "dev": true,
      "license": "Apache-2.0 OR MIT",
      "optional": true,
      "os": [
        "win32"
      ],
      "engines": {
        "node": ">= 10"
      }
    },
    "node_modules/@tauri-apps/cli-win32-ia32-msvc": {
      "version": "2.2.7",
      "resolved": "https://registry.npmjs.org/@tauri-apps/cli-win32-ia32-msvc/-/cli-win32-ia32-msvc-2.2.7.tgz",
      "integrity": "sha512-EiJ5/25tLSQOSGvv+t6o3ZBfOTKB5S3vb+hHQuKbfmKdRF0XQu2YPdIi1CQw1DU97ZAE0Dq4frvnyYEKWgMzVQ==",
      "cpu": [
        "ia32"
      ],
      "dev": true,
      "license": "Apache-2.0 OR MIT",
      "optional": true,
      "os": [
        "win32"
      ],
      "engines": {
        "node": ">= 10"
      }
    },
    "node_modules/@tauri-apps/cli-win32-x64-msvc": {
      "version": "2.2.7",
      "resolved": "https://registry.npmjs.org/@tauri-apps/cli-win32-x64-msvc/-/cli-win32-x64-msvc-2.2.7.tgz",
      "integrity": "sha512-ZB8Kw90j8Ld+9tCWyD2fWCYfIrzbQohJ4DJSidNwbnehlZzP7wAz6Z3xjsvUdKtQ3ibtfoeTqVInzCCEpI+pWg==",
      "cpu": [
        "x64"
      ],
      "dev": true,
      "license": "Apache-2.0 OR MIT",
      "optional": true,
      "os": [
        "win32"
      ],
      "engines": {
        "node": ">= 10"
      }
    },
    "node_modules/@tauri-apps/plugin-store": {
      "version": "2.2.0",
      "resolved": "https://registry.npmjs.org/@tauri-apps/plugin-store/-/plugin-store-2.2.0.tgz",
      "integrity": "sha512-hJTRtuJis4w5fW1dkcgftsYxKXK0+DbAqurZ3CURHG5WkAyyZgbxpeYctw12bbzF9ZbZREXZklPq8mocCC3Sgg==",
      "license": "MIT OR Apache-2.0",
      "dependencies": {
        "@tauri-apps/api": "^2.0.0"
      }
    },
    "node_modules/argparse": {
      "version": "2.0.1",
      "resolved": "https://registry.npmjs.org/argparse/-/argparse-2.0.1.tgz",
      "integrity": "sha512-8+9WqebbFzpX9OR+Wa6O29asIogeRMzcGtAINdpMHHyAg10f05aSFVBbcEqGf/PXw1EjAZ+q2/bEBg3DvurK3Q==",
      "license": "Python-2.0"
    },
    "node_modules/astronomia": {
      "version": "4.1.1",
      "resolved": "https://registry.npmjs.org/astronomia/-/astronomia-4.1.1.tgz",
      "integrity": "sha512-TcJD9lUC5eAo0/Ji7rnQauX/yQbi0yZWM+JsNr77W3OA5fsrgvuFgubLMFwfw4VlZ29cu9dG/yfJbfvuTSftjg==",
      "license": "MIT",
      "engines": {
        "node": ">=12.0.0"
      }
    },
    "node_modules/bootstrap": {
      "version": "5.3.3",
      "resolved": "https://registry.npmjs.org/bootstrap/-/bootstrap-5.3.3.tgz",
      "integrity": "sha512-8HLCdWgyoMguSO9o+aH+iuZ+aht+mzW0u3HIMzVu7Srrpv7EBBxTnrFlSCskwdY1+EOFQSm7uMJhNQHkdPcmjg==",
      "funding": [
        {
          "type": "github",
          "url": "https://github.com/sponsors/twbs"
        },
        {
          "type": "opencollective",
          "url": "https://opencollective.com/bootstrap"
        }
      ],
      "license": "MIT",
      "peerDependencies": {
        "@popperjs/core": "^2.11.8"
      }
    },
    "node_modules/bootstrap-icons": {
      "version": "1.11.3",
      "resolved": "https://registry.npmjs.org/bootstrap-icons/-/bootstrap-icons-1.11.3.tgz",
      "integrity": "sha512-+3lpHrCw/it2/7lBL15VR0HEumaBss0+f/Lb6ZvHISn1mlK83jjFpooTLsMWbIjJMDjDjOExMsTxnXSIT4k4ww==",
      "funding": [
        {
          "type": "github",
          "url": "https://github.com/sponsors/twbs"
        },
        {
          "type": "opencollective",
          "url": "https://opencollective.com/bootstrap"
        }
      ],
      "license": "MIT"
    },
    "node_modules/caldate": {
      "version": "2.0.5",
      "resolved": "https://registry.npmjs.org/caldate/-/caldate-2.0.5.tgz",
      "integrity": "sha512-JndhrUuDuE975KUhFqJaVR1OQkCHZqpOrJur/CFXEIEhWhBMjxO85cRSK8q4FW+B+yyPq6GYua2u4KvNzTcq0w==",
      "license": "ISC",
      "dependencies": {
        "moment-timezone": "^0.5.43"
      },
      "engines": {
        "node": ">=12.0.0"
      }
    },
    "node_modules/date-bengali-revised": {
      "version": "2.0.2",
      "resolved": "https://registry.npmjs.org/date-bengali-revised/-/date-bengali-revised-2.0.2.tgz",
      "integrity": "sha512-q9iDru4+TSA9k4zfm0CFHJj6nBsxP7AYgWC/qodK/i7oOIlj5K2z5IcQDtESfs/Qwqt/xJYaP86tkazd/vRptg==",
      "license": "MIT",
      "engines": {
        "node": ">=12.0.0"
      }
    },
    "node_modules/date-chinese": {
      "version": "2.1.4",
      "resolved": "https://registry.npmjs.org/date-chinese/-/date-chinese-2.1.4.tgz",
      "integrity": "sha512-WY+6+Qw92ZGWFvGtStmNQHEYpNa87b8IAQ5T8VKt4wqrn24lBXyyBnWI5jAIyy7h/KVwJZ06bD8l/b7yss82Ww==",
      "license": "MIT",
      "dependencies": {
        "astronomia": "^4.1.0"
      },
      "engines": {
        "node": ">=12.0.0"
      }
    },
    "node_modules/date-easter": {
      "version": "1.0.3",
      "resolved": "https://registry.npmjs.org/date-easter/-/date-easter-1.0.3.tgz",
      "integrity": "sha512-aOViyIgpM4W0OWUiLqivznwTtuMlD/rdUWhc5IatYnplhPiWrLv75cnifaKYhmQwUBLAMWLNG4/9mlLIbXoGBQ==",
      "license": "MIT",
      "engines": {
        "node": ">=12.0.0"
      }
    },
    "node_modules/date-holidays": {
      "version": "3.23.22",
      "resolved": "https://registry.npmjs.org/date-holidays/-/date-holidays-3.23.22.tgz",
      "integrity": "sha512-zgsDucVNAYns+iH8bb2nXSfMzYHDwIJF/BlXILmxMjubdys/X5bvzwfcgZYtHAyug+6T2k/bDnqoYrumtrekAg==",
      "license": "(ISC AND CC-BY-3.0)",
      "dependencies": {
        "date-holidays-parser": "^3.4.7",
        "js-yaml": "^4.1.0",
        "lodash": "^4.17.21",
        "prepin": "^1.0.3"
      },
      "bin": {
        "holidays2json": "scripts/holidays2json.cjs"
      },
      "engines": {
        "node": ">=12.0.0"
      }
    },
    "node_modules/date-holidays-parser": {
      "version": "3.4.7",
      "resolved": "https://registry.npmjs.org/date-holidays-parser/-/date-holidays-parser-3.4.7.tgz",
      "integrity": "sha512-h09ZEtM6u5cYM6m1bX+1Ny9f+nLO9KVZUKNPEnH7lhbXYTfqZogaGTnhONswGeIJFF91UImIftS3CdM9HLW5oQ==",
      "license": "ISC",
      "dependencies": {
        "astronomia": "^4.1.1",
        "caldate": "^2.0.5",
        "date-bengali-revised": "^2.0.2",
        "date-chinese": "^2.1.4",
        "date-easter": "^1.0.3",
        "deepmerge": "^4.3.1",
        "jalaali-js": "^1.2.7",
        "moment-timezone": "^0.5.47"
      },
      "engines": {
        "node": ">=12.0.0"
      }
    },
    "node_modules/deepmerge": {
      "version": "4.3.1",
      "resolved": "https://registry.npmjs.org/deepmerge/-/deepmerge-4.3.1.tgz",
      "integrity": "sha512-3sUqbMEc77XqpdNO7FRyRog+eW3ph+GYCbj+rK+uYyRMuwsVy0rMiVtPn+QJlKFvWP/1PYpapqYn0Me2knFn+A==",
      "license": "MIT",
      "engines": {
        "node": ">=0.10.0"
      }
    },
    "node_modules/jalaali-js": {
      "version": "1.2.7",
      "resolved": "https://registry.npmjs.org/jalaali-js/-/jalaali-js-1.2.7.tgz",
      "integrity": "sha512-gE+YHWSbygYAoJa+Xg8LWxGILqFOxZSBQQw39ghel01fVFUxV7bjL0x1JFsHcLQ3uPjvn81HQMa+kxwyPWnxGQ==",
      "license": "MIT"
    },
    "node_modules/js-yaml": {
      "version": "4.1.0",
      "resolved": "https://registry.npmjs.org/js-yaml/-/js-yaml-4.1.0.tgz",
      "integrity": "sha512-wpxZs9NoxZaJESJGIZTyDEaYpl0FKSA+FB9aJiyemKhMwkxQg63h4T1KJgUGHpTqPDNRcmmYLugrRjJlBtWvRA==",
      "license": "MIT",
      "dependencies": {
        "argparse": "^2.0.1"
      },
      "bin": {
        "js-yaml": "bin/js-yaml.js"
      }
    },
    "node_modules/lodash": {
      "version": "4.17.21",
      "resolved": "https://registry.npmjs.org/lodash/-/lodash-4.17.21.tgz",
      "integrity": "sha512-v2kDEe57lecTulaDIuNTPy3Ry4gLGJ6Z1O3vE1krgXZNrsQ+LFTGHVxVjcXPs17LhbZVGedAJv8XZ1tvj5FvSg==",
      "license": "MIT"
    },
    "node_modules/moment": {
      "version": "2.30.1",
      "resolved": "https://registry.npmjs.org/moment/-/moment-2.30.1.tgz",
      "integrity": "sha512-uEmtNhbDOrWPFS+hdjFCBfy9f2YoyzRpwcl+DqpC6taX21FzsTLQVbMV/W7PzNSX6x/bhC1zA3c2UQ5NzH6how==",
      "license": "MIT",
      "engines": {
        "node": "*"
      }
    },
    "node_modules/moment-timezone": {
      "version": "0.5.47",
      "resolved": "https://registry.npmjs.org/moment-timezone/-/moment-timezone-0.5.47.tgz",
      "integrity": "sha512-UbNt/JAWS0m/NJOebR0QMRHBk0hu03r5dx9GK8Cs0AS3I81yDcOc9k+DytPItgVvBP7J6Mf6U2n3BPAacAV9oA==",
      "license": "MIT",
      "dependencies": {
        "moment": "^2.29.4"
      },
      "engines": {
        "node": "*"
      }
    },
    "node_modules/prepin": {
      "version": "1.0.3",
      "resolved": "https://registry.npmjs.org/prepin/-/prepin-1.0.3.tgz",
      "integrity": "sha512-0XL2hreherEEvUy0fiaGEfN/ioXFV+JpImqIzQjxk6iBg4jQ2ARKqvC4+BmRD8w/pnpD+lbxvh0Ub+z7yBEjvA==",
      "license": "Unlicense",
      "bin": {
        "prepin": "bin/prepin.js"
      }
    }
  }
}
